# Auto-generated by dotagents. Do not edit.
version = 1

[skills.auto-commit]
source = "jahands/prompts"
resolved_url = "https://github.com/jahands/prompts"
resolved_path = "skills/auto-commit"
resolved_commit = "247624e315c4a94c29ed5d3dcbba633ec1a4288c"

[skills.babysit]
source = "jahands/prompts"
resolved_url = "https://github.com/jahands/prompts"
resolved_path = "skills/babysit"
resolved_commit = "247624e315c4a94c29ed5d3dcbba633ec1a4288c"

[skills.python-inline-scripts]
source = "jahands/prompts"
resolved_url = "https://github.com/jahands/prompts"
resolved_path = "skills/python-inline-scripts"
resolved_commit = "247624e315c4a94c29ed5d3dcbba633ec1a4288c"

[skills.typescript-inline-scripts]
source = "jahands/prompts"
resolved_url = "https://github.com/jahands/prompts"
resolved_path = "skills/typescript-inline-scripts"
resolved_commit = "247624e315c4a94c29ed5d3dcbba633ec1a4288c"

[skills.zod-v4]
source = "jahands/prompts"
resolved_url = "https://github.com/jahands/prompts"
resolved_path = "skills/zod-v4"
resolved_commit = "247624e315c4a94c29ed5d3dcbba633ec1a4288c"
