# Auto-generated by dotagents. Do not edit.
version = 1

[skills.auto-commit]
source = "jahands/prompts"
resolved_url = "https://github.com/jahands/prompts"
resolved_path = "skills/auto-commit"
resolved_commit = "26bbd9ec5ace12baca9f04d6c7694932d29a8a2d"

[skills.babysit]
source = "jahands/prompts"
resolved_url = "https://github.com/jahands/prompts"
resolved_path = "skills/babysit"
resolved_commit = "26bbd9ec5ace12baca9f04d6c7694932d29a8a2d"

[skills.python-inline-scripts]
source = "jahands/prompts"
resolved_url = "https://github.com/jahands/prompts"
resolved_path = "skills/python-inline-scripts"
resolved_commit = "26bbd9ec5ace12baca9f04d6c7694932d29a8a2d"

[skills.typescript-inline-scripts]
source = "jahands/prompts"
resolved_url = "https://github.com/jahands/prompts"
resolved_path = "skills/typescript-inline-scripts"
resolved_commit = "26bbd9ec5ace12baca9f04d6c7694932d29a8a2d"

[skills.zod-v4]
source = "jahands/prompts"
resolved_url = "https://github.com/jahands/prompts"
resolved_path = "skills/zod-v4"
resolved_commit = "26bbd9ec5ace12baca9f04d6c7694932d29a8a2d"
